
Microsoft Visual Studio Solution File, Format Version 12.00
# Visual Studio 14
VisualStudioVersion = 14.0.25420.1
MinimumVisualStudioVersion = 10.0.40219.1
Project("{FAE04EC0-301F-11D3-BF4B-00C04F79EFBC}") = "AgendaDeContactos", "AgendaDeContactos\AgendaDeContactos.csproj", "{59C18937-6A52-4A7D-A9A3-5993147A01E5}"
EndProject
Project("{FAE04EC0-301F-11D3-BF4B-00C04F79EFBC}") = "WFAAgenda", "..\AgendaTelefonica_BD\WFAAgenda\WFAAgenda.csproj", "{9392A571-3A38-49AA-88B7-A3821F3BC13A}"
EndProject
Global
	GlobalSection(SolutionConfigurationPlatforms) = preSolution
		Debug|Any CPU = Debug|Any CPU
		Release|Any CPU = Release|Any CPU
	EndGlobalSection
	GlobalSection(ProjectConfigurationPlatforms) = postSolution
		{59C18937-6A52-4A7D-A9A3-5993147A01E5}.Debug|Any CPU.ActiveCfg = Debug|Any CPU
		{59C18937-6A52-4A7D-A9A3-5993147A01E5}.Debug|Any CPU.Build.0 = Debug|Any CPU
		{59C18937-6A52-4A7D-A9A3-5993147A01E5}.Release|Any CPU.ActiveCfg = Release|Any CPU
		{59C18937-6A52-4A7D-A9A3-5993147A01E5}.Release|Any CPU.Build.0 = Release|Any CPU
		{9392A571-3A38-49AA-88B7-A3821F3BC13A}.Debug|Any CPU.ActiveCfg = Debug|Any CPU
		{9392A571-3A38-49AA-88B7-A3821F3BC13A}.Debug|Any CPU.Build.0 = Debug|Any CPU
		{9392A571-3A38-49AA-88B7-A3821F3BC13A}.Release|Any CPU.ActiveCfg = Release|Any CPU
		{9392A571-3A38-49AA-88B7-A3821F3BC13A}.Release|Any CPU.Build.0 = Release|Any CPU
	EndGlobalSection
	GlobalSection(SolutionProperties) = preSolution
		HideSolutionNode = FALSE
	EndGlobalSection
EndGlobal
